<?xml version="1.0" encoding="UTF-8"?>
<!DOCTYPE plist PUBLIC "-//Apple//DTD PLIST 1.0//EN" "http://www.apple.com/DTDs/PropertyList-1.0.dtd">
<plist version="1.0">
<dict>
	<key>archiveVersion</key>
	<string>1</string>
	<key>classes</key>
	<dict/>
	<key>objectVersion</key>
	<string>46</string>
	<key>objects</key>
	<dict>
		<key>05C60957BDC4437EAB4BA1BE</key>
		<dict>
			<key>includeInIndex</key>
			<string>1</string>
			<key>isa</key>
			<string>PBXFileReference</string>
			<key>lastKnownFileType</key>
			<string>text.xcconfig</string>
			<key>name</key>
			<string>Pods.xcconfig</string>
			<key>path</key>
			<string>Pods/Pods.xcconfig</string>
			<key>sourceTree</key>
			<string>SOURCE_ROOT</string>
		</dict>
		<key>460CB9D31E4649038C2CACA8</key>
		<dict>
			<key>explicitFileType</key>
			<string>archive.ar</string>
			<key>includeInIndex</key>
			<string>0</string>
			<key>isa</key>
			<string>PBXFileReference</string>
			<key>name</key>
			<string>libPods.a</string>
			<key>path</key>
			<string>libPods.a</string>
			<key>sourceTree</key>
			<string>BUILT_PRODUCTS_DIR</string>
		</dict>
		<key>81965B6715BBEDC90017869E</key>
		<dict>
			<key>children</key>
			<array>
				<string>81965B7C15BBEDC90017869E</string>
				<string>81965B9A15BBEDC90017869E</string>
				<string>81965B7515BBEDC90017869E</string>
				<string>81965B7315BBEDC90017869E</string>
				<string>05C60957BDC4437EAB4BA1BE</string>
			</array>
			<key>isa</key>
			<string>PBXGroup</string>
			<key>sourceTree</key>
			<string>&lt;group&gt;</string>
		</dict>
		<key>81965B6915BBEDC90017869E</key>
		<dict>
			<key>attributes</key>
			<dict>
				<key>LastUpgradeCheck</key>
				<string>0430</string>
				<key>ORGANIZATIONNAME</key>
				<string>111 Minutes</string>
			</dict>
			<key>buildConfigurationList</key>
			<string>81965B6C15BBEDC90017869E</string>
			<key>compatibilityVersion</key>
			<string>Xcode 3.2</string>
			<key>developmentRegion</key>
			<string>English</string>
			<key>hasScannedForEncodings</key>
			<string>0</string>
			<key>isa</key>
			<string>PBXProject</string>
			<key>knownRegions</key>
			<array>
				<string>en</string>
			</array>
			<key>mainGroup</key>
			<string>81965B6715BBEDC90017869E</string>
			<key>productRefGroup</key>
			<string>81965B7315BBEDC90017869E</string>
			<key>projectDirPath</key>
			<string></string>
			<key>projectRoot</key>
			<string></string>
			<key>targets</key>
			<array>
				<string>81965B7115BBEDC90017869E</string>
				<string>81965B9215BBEDC90017869E</string>
			</array>
		</dict>
		<key>81965B6C15BBEDC90017869E</key>
		<dict>
			<key>buildConfigurations</key>
			<array>
				<string>81965BA315BBEDC90017869E</string>
				<string>81965BA415BBEDC90017869E</string>
			</array>
			<key>defaultConfigurationIsVisible</key>
			<string>0</string>
			<key>defaultConfigurationName</key>
			<string>Release</string>
			<key>isa</key>
			<string>XCConfigurationList</string>
		</dict>
		<key>81965B6E15BBEDC90017869E</key>
		<dict>
			<key>buildActionMask</key>
			<string>2147483647</string>
			<key>files</key>
			<array>
				<string>81965B8315BBEDC90017869E</string>
				<string>81965B8715BBEDC90017869E</string>
				<string>81965BAF15BBEE0C0017869E</string>
				<string>81965BB215BBEFA00017869E</string>
				<string>81B69E5915BC03B500BC0EEF</string>
				<string>81B69E5C15BC04FF00BC0EEF</string>
				<string>81B69E5F15BC09C700BC0EEF</string>
				<string>81B69E6215BC164800BC0EEF</string>
				<string>81B69E6515BC164800BC0EEF</string>
				<string>81B69E6815BC164800BC0EEF</string>
				<string>81B69E7615BC311100BC0EEF</string>
			</array>
			<key>isa</key>
			<string>PBXSourcesBuildPhase</string>
			<key>runOnlyForDeploymentPostprocessing</key>
			<string>0</string>
		</dict>
		<key>81965B6F15BBEDC90017869E</key>
		<dict>
			<key>buildActionMask</key>
			<string>2147483647</string>
			<key>files</key>
			<array>
				<string>81965BAC15BBEDFD0017869E</string>
				<string>81965B7715BBEDC90017869E</string>
				<string>81965B7915BBEDC90017869E</string>
				<string>81965B7B15BBEDC90017869E</string>
				<string>DDBF3DA0AC7B47AC8292FBDD</string>
			</array>
			<key>isa</key>
			<string>PBXFrameworksBuildPhase</string>
			<key>runOnlyForDeploymentPostprocessing</key>
			<string>0</string>
		</dict>
		<key>81965B7015BBEDC90017869E</key>
		<dict>
			<key>buildActionMask</key>
			<string>2147483647</string>
			<key>files</key>
			<array>
				<string>81965B8115BBEDC90017869E</string>
				<string>81965B8D15BBEDC90017869E</string>
			</array>
			<key>isa</key>
			<string>PBXResourcesBuildPhase</string>
			<key>runOnlyForDeploymentPostprocessing</key>
			<string>0</string>
		</dict>
		<key>81965B7115BBEDC90017869E</key>
		<dict>
			<key>buildConfigurationList</key>
			<string>81965BA515BBEDC90017869E</string>
			<key>buildPhases</key>
			<array>
				<string>81965B6E15BBEDC90017869E</string>
				<string>81965B6F15BBEDC90017869E</string>
				<string>81965B7015BBEDC90017869E</string>
				<string>D07714B8C104427F96EB4332</string>
			</array>
			<key>buildRules</key>
			<array/>
			<key>dependencies</key>
			<array/>
			<key>isa</key>
			<string>PBXNativeTarget</string>
			<key>name</key>
			<string>CoreDataTry</string>
			<key>productName</key>
			<string>CoreDataTry</string>
			<key>productReference</key>
			<string>81965B7215BBEDC90017869E</string>
			<key>productType</key>
			<string>com.apple.product-type.application</string>
		</dict>
		<key>81965B7215BBEDC90017869E</key>
		<dict>
			<key>explicitFileType</key>
			<string>wrapper.application</string>
			<key>includeInIndex</key>
			<string>0</string>
			<key>isa</key>
			<string>PBXFileReference</string>
			<key>name</key>
			<string>CoreDataTry.app</string>
			<key>path</key>
			<string>CoreDataTry.app</string>
			<key>sourceTree</key>
			<string>BUILT_PRODUCTS_DIR</string>
		</dict>
		<key>81965B7315BBEDC90017869E</key>
		<dict>
			<key>children</key>
			<array>
				<string>81965B7215BBEDC90017869E</string>
				<string>81965B9315BBEDC90017869E</string>
			</array>
			<key>isa</key>
			<string>PBXGroup</string>
			<key>name</key>
			<string>Products</string>
			<key>sourceTree</key>
			<string>&lt;group&gt;</string>
		</dict>
		<key>81965B7515BBEDC90017869E</key>
		<dict>
			<key>children</key>
			<array>
				<string>81965BAB15BBEDFD0017869E</string>
				<string>81965B7615BBEDC90017869E</string>
				<string>81965B7815BBEDC90017869E</string>
				<string>81965B7A15BBEDC90017869E</string>
				<string>81965B9415BBEDC90017869E</string>
				<string>460CB9D31E4649038C2CACA8</string>
			</array>
			<key>isa</key>
			<string>PBXGroup</string>
			<key>name</key>
			<string>Frameworks</string>
			<key>sourceTree</key>
			<string>&lt;group&gt;</string>
		</dict>
		<key>81965B7615BBEDC90017869E</key>
		<dict>
			<key>includeInIndex</key>
			<string>1</string>
			<key>isa</key>
			<string>PBXFileReference</string>
			<key>lastKnownFileType</key>
			<string>wrapper.framework</string>
			<key>name</key>
			<string>UIKit.framework</string>
			<key>path</key>
			<string>System/Library/Frameworks/UIKit.framework</string>
			<key>sourceTree</key>
			<string>SDKROOT</string>
		</dict>
		<key>81965B7715BBEDC90017869E</key>
		<dict>
			<key>fileRef</key>
			<string>81965B7615BBEDC90017869E</string>
			<key>isa</key>
			<string>PBXBuildFile</string>
		</dict>
		<key>81965B7815BBEDC90017869E</key>
		<dict>
			<key>includeInIndex</key>
			<string>1</string>
			<key>isa</key>
			<string>PBXFileReference</string>
			<key>lastKnownFileType</key>
			<string>wrapper.framework</string>
			<key>name</key>
			<string>Foundation.framework</string>
			<key>path</key>
			<string>System/Library/Frameworks/Foundation.framework</string>
			<key>sourceTree</key>
			<string>SDKROOT</string>
		</dict>
		<key>81965B7915BBEDC90017869E</key>
		<dict>
			<key>fileRef</key>
			<string>81965B7815BBEDC90017869E</string>
			<key>isa</key>
			<string>PBXBuildFile</string>
		</dict>
		<key>81965B7A15BBEDC90017869E</key>
		<dict>
			<key>includeInIndex</key>
			<string>1</string>
			<key>isa</key>
			<string>PBXFileReference</string>
			<key>lastKnownFileType</key>
			<string>wrapper.framework</string>
			<key>name</key>
			<string>CoreGraphics.framework</string>
			<key>path</key>
			<string>System/Library/Frameworks/CoreGraphics.framework</string>
			<key>sourceTree</key>
			<string>SDKROOT</string>
		</dict>
		<key>81965B7B15BBEDC90017869E</key>
		<dict>
			<key>fileRef</key>
			<string>81965B7A15BBEDC90017869E</string>
			<key>isa</key>
			<string>PBXBuildFile</string>
		</dict>
		<key>81965B7C15BBEDC90017869E</key>
		<dict>
			<key>children</key>
			<array>
				<string>81965B8515BBEDC90017869E</string>
				<string>81965B8615BBEDC90017869E</string>
				<string>81B69E5715BC03B500BC0EEF</string>
				<string>81B69E5815BC03B500BC0EEF</string>
				<string>81965B8B15BBEDC90017869E</string>
				<string>81965B7D15BBEDC90017869E</string>
				<string>81965BAD15BBEE0C0017869E</string>
				<string>81B69E6615BC164800BC0EEF</string>
				<string>81B69E6715BC164800BC0EEF</string>
				<string>81B69E6315BC164800BC0EEF</string>
				<string>81B69E6415BC164800BC0EEF</string>
				<string>81B69E6015BC164800BC0EEF</string>
				<string>81B69E6115BC164800BC0EEF</string>
				<string>81965BB015BBEFA00017869E</string>
				<string>81965BB115BBEFA00017869E</string>
				<string>81B69E5A15BC04FF00BC0EEF</string>
				<string>81B69E5B15BC04FF00BC0EEF</string>
				<string>81B69E5D15BC09C700BC0EEF</string>
				<string>81B69E5E15BC09C700BC0EEF</string>
				<string>81B69E7415BC311100BC0EEF</string>
				<string>81B69E7515BC311100BC0EEF</string>
			</array>
			<key>isa</key>
			<string>PBXGroup</string>
			<key>path</key>
			<string>CoreDataTry</string>
			<key>sourceTree</key>
			<string>&lt;group&gt;</string>
		</dict>
		<key>81965B7D15BBEDC90017869E</key>
		<dict>
			<key>children</key>
			<array>
				<string>81965B7E15BBEDC90017869E</string>
				<string>81965B7F15BBEDC90017869E</string>
				<string>81965B8215BBEDC90017869E</string>
				<string>81965B8415BBEDC90017869E</string>
			</array>
			<key>isa</key>
			<string>PBXGroup</string>
			<key>name</key>
			<string>Supporting Files</string>
			<key>sourceTree</key>
			<string>&lt;group&gt;</string>
		</dict>
		<key>81965B7E15BBEDC90017869E</key>
		<dict>
			<key>isa</key>
			<string>PBXFileReference</string>
			<key>lastKnownFileType</key>
			<string>text.plist.xml</string>
			<key>path</key>
			<string>CoreDataTry-Info.plist</string>
			<key>sourceTree</key>
			<string>&lt;group&gt;</string>
		</dict>
		<key>81965B7F15BBEDC90017869E</key>
		<dict>
			<key>children</key>
			<array>
				<string>81965B8015BBEDC90017869E</string>
			</array>
			<key>isa</key>
			<string>PBXVariantGroup</string>
			<key>name</key>
			<string>InfoPlist.strings</string>
			<key>sourceTree</key>
			<string>&lt;group&gt;</string>
		</dict>
		<key>81965B8015BBEDC90017869E</key>
		<dict>
			<key>isa</key>
			<string>PBXFileReference</string>
			<key>lastKnownFileType</key>
			<string>text.plist.strings</string>
			<key>name</key>
			<string>en</string>
			<key>path</key>
			<string>en.lproj/InfoPlist.strings</string>
			<key>sourceTree</key>
			<string>&lt;group&gt;</string>
		</dict>
		<key>81965B8115BBEDC90017869E</key>
		<dict>
			<key>fileRef</key>
			<string>81965B7F15BBEDC90017869E</string>
			<key>isa</key>
			<string>PBXBuildFile</string>
		</dict>
		<key>81965B8215BBEDC90017869E</key>
		<dict>
			<key>isa</key>
			<string>PBXFileReference</string>
			<key>lastKnownFileType</key>
			<string>sourcecode.c.objc</string>
			<key>path</key>
			<string>main.m</string>
			<key>sourceTree</key>
			<string>&lt;group&gt;</string>
		</dict>
		<key>81965B8315BBEDC90017869E</key>
		<dict>
			<key>fileRef</key>
			<string>81965B8215BBEDC90017869E</string>
			<key>isa</key>
			<string>PBXBuildFile</string>
		</dict>
		<key>81965B8415BBEDC90017869E</key>
		<dict>
			<key>isa</key>
			<string>PBXFileReference</string>
			<key>lastKnownFileType</key>
			<string>sourcecode.c.h</string>
			<key>path</key>
			<string>CoreDataTry-Prefix.pch</string>
			<key>sourceTree</key>
			<string>&lt;group&gt;</string>
		</dict>
		<key>81965B8515BBEDC90017869E</key>
		<dict>
			<key>isa</key>
			<string>PBXFileReference</string>
			<key>lastKnownFileType</key>
			<string>sourcecode.c.h</string>
			<key>path</key>
			<string>AppDelegate.h</string>
			<key>sourceTree</key>
			<string>&lt;group&gt;</string>
		</dict>
		<key>81965B8615BBEDC90017869E</key>
		<dict>
			<key>isa</key>
			<string>PBXFileReference</string>
			<key>lastKnownFileType</key>
			<string>sourcecode.c.objc</string>
			<key>path</key>
			<string>AppDelegate.m</string>
			<key>sourceTree</key>
			<string>&lt;group&gt;</string>
		</dict>
		<key>81965B8715BBEDC90017869E</key>
		<dict>
			<key>fileRef</key>
			<string>81965B8615BBEDC90017869E</string>
			<key>isa</key>
			<string>PBXBuildFile</string>
		</dict>
		<key>81965B8B15BBEDC90017869E</key>
		<dict>
			<key>children</key>
			<array>
				<string>81965B8C15BBEDC90017869E</string>
			</array>
			<key>isa</key>
			<string>PBXVariantGroup</string>
			<key>name</key>
			<string>AuthorsController.xib</string>
			<key>sourceTree</key>
			<string>&lt;group&gt;</string>
		</dict>
		<key>81965B8C15BBEDC90017869E</key>
		<dict>
			<key>isa</key>
			<string>PBXFileReference</string>
			<key>lastKnownFileType</key>
			<string>file.xib</string>
			<key>name</key>
			<string>en</string>
			<key>path</key>
			<string>en.lproj/AuthorsController.xib</string>
			<key>sourceTree</key>
			<string>&lt;group&gt;</string>
		</dict>
		<key>81965B8D15BBEDC90017869E</key>
		<dict>
			<key>fileRef</key>
			<string>81965B8B15BBEDC90017869E</string>
			<key>isa</key>
			<string>PBXBuildFile</string>
		</dict>
		<key>81965B8E15BBEDC90017869E</key>
		<dict>
			<key>buildActionMask</key>
			<string>2147483647</string>
			<key>files</key>
			<array>
				<string>81965BA215BBEDC90017869E</string>
			</array>
			<key>isa</key>
			<string>PBXSourcesBuildPhase</string>
			<key>runOnlyForDeploymentPostprocessing</key>
			<string>0</string>
		</dict>
		<key>81965B8F15BBEDC90017869E</key>
		<dict>
			<key>buildActionMask</key>
			<string>2147483647</string>
			<key>files</key>
			<array>
				<string>81965B9515BBEDC90017869E</string>
				<string>81965B9615BBEDC90017869E</string>
				<string>81965B9715BBEDC90017869E</string>
			</array>
			<key>isa</key>
			<string>PBXFrameworksBuildPhase</string>
			<key>runOnlyForDeploymentPostprocessing</key>
			<string>0</string>
		</dict>
		<key>81965B9015BBEDC90017869E</key>
		<dict>
			<key>buildActionMask</key>
			<string>2147483647</string>
			<key>files</key>
			<array>
				<string>81965B9F15BBEDC90017869E</string>
			</array>
			<key>isa</key>
			<string>PBXResourcesBuildPhase</string>
			<key>runOnlyForDeploymentPostprocessing</key>
			<string>0</string>
		</dict>
		<key>81965B9115BBEDC90017869E</key>
		<dict>
			<key>buildActionMask</key>
			<string>2147483647</string>
			<key>files</key>
			<array/>
			<key>inputPaths</key>
			<array/>
			<key>isa</key>
			<string>PBXShellScriptBuildPhase</string>
			<key>outputPaths</key>
			<array/>
			<key>runOnlyForDeploymentPostprocessing</key>
			<string>0</string>
			<key>shellPath</key>
			<string>/bin/sh</string>
			<key>shellScript</key>
			<string># Run the unit tests in this test bundle.
"${SYSTEM_DEVELOPER_DIR}/Tools/RunUnitTests"
</string>
		</dict>
		<key>81965B9215BBEDC90017869E</key>
		<dict>
			<key>buildConfigurationList</key>
			<string>81965BA815BBEDC90017869E</string>
			<key>buildPhases</key>
			<array>
				<string>81965B8E15BBEDC90017869E</string>
				<string>81965B8F15BBEDC90017869E</string>
				<string>81965B9015BBEDC90017869E</string>
				<string>81965B9115BBEDC90017869E</string>
			</array>
			<key>buildRules</key>
			<array/>
			<key>dependencies</key>
			<array>
				<string>81965B9915BBEDC90017869E</string>
			</array>
			<key>isa</key>
			<string>PBXNativeTarget</string>
			<key>name</key>
			<string>CoreDataTryTests</string>
			<key>productName</key>
			<string>CoreDataTryTests</string>
			<key>productReference</key>
			<string>81965B9315BBEDC90017869E</string>
			<key>productType</key>
			<string>com.apple.product-type.bundle</string>
		</dict>
		<key>81965B9315BBEDC90017869E</key>
		<dict>
			<key>explicitFileType</key>
			<string>wrapper.cfbundle</string>
			<key>includeInIndex</key>
			<string>0</string>
			<key>isa</key>
			<string>PBXFileReference</string>
			<key>name</key>
			<string>CoreDataTryTests.octest</string>
			<key>path</key>
			<string>CoreDataTryTests.octest</string>
			<key>sourceTree</key>
			<string>BUILT_PRODUCTS_DIR</string>
		</dict>
		<key>81965B9415BBEDC90017869E</key>
		<dict>
			<key>isa</key>
			<string>PBXFileReference</string>
			<key>lastKnownFileType</key>
			<string>wrapper.framework</string>
			<key>name</key>
			<string>SenTestingKit.framework</string>
			<key>path</key>
			<string>Library/Frameworks/SenTestingKit.framework</string>
			<key>sourceTree</key>
			<string>DEVELOPER_DIR</string>
		</dict>
		<key>81965B9515BBEDC90017869E</key>
		<dict>
			<key>fileRef</key>
			<string>81965B9415BBEDC90017869E</string>
			<key>isa</key>
			<string>PBXBuildFile</string>
		</dict>
		<key>81965B9615BBEDC90017869E</key>
		<dict>
			<key>fileRef</key>
			<string>81965B7615BBEDC90017869E</string>
			<key>isa</key>
			<string>PBXBuildFile</string>
		</dict>
		<key>81965B9715BBEDC90017869E</key>
		<dict>
			<key>fileRef</key>
			<string>81965B7815BBEDC90017869E</string>
			<key>isa</key>
			<string>PBXBuildFile</string>
		</dict>
		<key>81965B9815BBEDC90017869E</key>
		<dict>
			<key>containerPortal</key>
			<string>81965B6915BBEDC90017869E</string>
			<key>isa</key>
			<string>PBXContainerItemProxy</string>
			<key>proxyType</key>
			<string>1</string>
			<key>remoteGlobalIDString</key>
			<string>81965B7115BBEDC90017869E</string>
			<key>remoteInfo</key>
			<string>CoreDataTry</string>
		</dict>
		<key>81965B9915BBEDC90017869E</key>
		<dict>
			<key>isa</key>
			<string>PBXTargetDependency</string>
			<key>target</key>
			<string>81965B7115BBEDC90017869E</string>
			<key>targetProxy</key>
			<string>81965B9815BBEDC90017869E</string>
		</dict>
		<key>81965B9A15BBEDC90017869E</key>
		<dict>
			<key>children</key>
			<array>
				<string>81965BA015BBEDC90017869E</string>
				<string>81965BA115BBEDC90017869E</string>
				<string>81965B9B15BBEDC90017869E</string>
			</array>
			<key>isa</key>
			<string>PBXGroup</string>
			<key>path</key>
			<string>CoreDataTryTests</string>
			<key>sourceTree</key>
			<string>&lt;group&gt;</string>
		</dict>
		<key>81965B9B15BBEDC90017869E</key>
		<dict>
			<key>children</key>
			<array>
				<string>81965B9C15BBEDC90017869E</string>
				<string>81965B9D15BBEDC90017869E</string>
			</array>
			<key>isa</key>
			<string>PBXGroup</string>
			<key>name</key>
			<string>Supporting Files</string>
			<key>sourceTree</key>
			<string>&lt;group&gt;</string>
		</dict>
		<key>81965B9C15BBEDC90017869E</key>
		<dict>
			<key>isa</key>
			<string>PBXFileReference</string>
			<key>lastKnownFileType</key>
			<string>text.plist.xml</string>
			<key>path</key>
			<string>CoreDataTryTests-Info.plist</string>
			<key>sourceTree</key>
			<string>&lt;group&gt;</string>
		</dict>
		<key>81965B9D15BBEDC90017869E</key>
		<dict>
			<key>children</key>
			<array>
				<string>81965B9E15BBEDC90017869E</string>
			</array>
			<key>isa</key>
			<string>PBXVariantGroup</string>
			<key>name</key>
			<string>InfoPlist.strings</string>
			<key>sourceTree</key>
			<string>&lt;group&gt;</string>
		</dict>
		<key>81965B9E15BBEDC90017869E</key>
		<dict>
			<key>isa</key>
			<string>PBXFileReference</string>
			<key>lastKnownFileType</key>
			<string>text.plist.strings</string>
			<key>name</key>
			<string>en</string>
			<key>path</key>
			<string>en.lproj/InfoPlist.strings</string>
			<key>sourceTree</key>
			<string>&lt;group&gt;</string>
		</dict>
		<key>81965B9F15BBEDC90017869E</key>
		<dict>
			<key>fileRef</key>
			<string>81965B9D15BBEDC90017869E</string>
			<key>isa</key>
			<string>PBXBuildFile</string>
		</dict>
		<key>81965BA015BBEDC90017869E</key>
		<dict>
			<key>isa</key>
			<string>PBXFileReference</string>
			<key>lastKnownFileType</key>
			<string>sourcecode.c.h</string>
			<key>path</key>
			<string>CoreDataTryTests.h</string>
			<key>sourceTree</key>
			<string>&lt;group&gt;</string>
		</dict>
		<key>81965BA115BBEDC90017869E</key>
		<dict>
			<key>isa</key>
			<string>PBXFileReference</string>
			<key>lastKnownFileType</key>
			<string>sourcecode.c.objc</string>
			<key>path</key>
			<string>CoreDataTryTests.m</string>
			<key>sourceTree</key>
			<string>&lt;group&gt;</string>
		</dict>
		<key>81965BA215BBEDC90017869E</key>
		<dict>
			<key>fileRef</key>
			<string>81965BA115BBEDC90017869E</string>
			<key>isa</key>
			<string>PBXBuildFile</string>
		</dict>
		<key>81965BA315BBEDC90017869E</key>
		<dict>
			<key>buildSettings</key>
			<dict>
				<key>ALWAYS_SEARCH_USER_PATHS</key>
				<string>NO</string>
				<key>ARCHS</key>
				<string>$(ARCHS_STANDARD_32_BIT)</string>
				<key>CLANG_ENABLE_OBJC_ARC</key>
				<string>YES</string>
				<key>CODE_SIGN_IDENTITY[sdk=iphoneos*]</key>
				<string>iPhone Developer</string>
				<key>COPY_PHASE_STRIP</key>
				<string>NO</string>
				<key>GCC_C_LANGUAGE_STANDARD</key>
				<string>gnu99</string>
				<key>GCC_DYNAMIC_NO_PIC</key>
				<string>NO</string>
				<key>GCC_OPTIMIZATION_LEVEL</key>
				<string>0</string>
				<key>GCC_PREPROCESSOR_DEFINITIONS</key>
				<array>
					<string>DEBUG=1</string>
					<string>$(inherited)</string>
				</array>
				<key>GCC_SYMBOLS_PRIVATE_EXTERN</key>
				<string>NO</string>
				<key>GCC_VERSION</key>
				<string>com.apple.compilers.llvm.clang.1_0</string>
				<key>GCC_WARN_ABOUT_RETURN_TYPE</key>
				<string>YES</string>
				<key>GCC_WARN_UNINITIALIZED_AUTOS</key>
				<string>YES</string>
				<key>GCC_WARN_UNUSED_VARIABLE</key>
				<string>YES</string>
				<key>IPHONEOS_DEPLOYMENT_TARGET</key>
				<string>5.1</string>
				<key>SDKROOT</key>
				<string>iphoneos</string>
			</dict>
			<key>isa</key>
			<string>XCBuildConfiguration</string>
			<key>name</key>
			<string>Debug</string>
		</dict>
		<key>81965BA415BBEDC90017869E</key>
		<dict>
			<key>buildSettings</key>
			<dict>
				<key>ALWAYS_SEARCH_USER_PATHS</key>
				<string>NO</string>
				<key>ARCHS</key>
				<string>$(ARCHS_STANDARD_32_BIT)</string>
				<key>CLANG_ENABLE_OBJC_ARC</key>
				<string>YES</string>
				<key>CODE_SIGN_IDENTITY[sdk=iphoneos*]</key>
				<string>iPhone Developer</string>
				<key>COPY_PHASE_STRIP</key>
				<string>YES</string>
				<key>GCC_C_LANGUAGE_STANDARD</key>
				<string>gnu99</string>
				<key>GCC_VERSION</key>
				<string>com.apple.compilers.llvm.clang.1_0</string>
				<key>GCC_WARN_ABOUT_RETURN_TYPE</key>
				<string>YES</string>
				<key>GCC_WARN_UNINITIALIZED_AUTOS</key>
				<string>YES</string>
				<key>GCC_WARN_UNUSED_VARIABLE</key>
				<string>YES</string>
				<key>IPHONEOS_DEPLOYMENT_TARGET</key>
				<string>5.1</string>
				<key>OTHER_CFLAGS</key>
				<string>-DNS_BLOCK_ASSERTIONS=1</string>
				<key>SDKROOT</key>
				<string>iphoneos</string>
				<key>VALIDATE_PRODUCT</key>
				<string>YES</string>
			</dict>
			<key>isa</key>
			<string>XCBuildConfiguration</string>
			<key>name</key>
			<string>Release</string>
		</dict>
		<key>81965BA515BBEDC90017869E</key>
		<dict>
			<key>buildConfigurations</key>
			<array>
				<string>81965BA615BBEDC90017869E</string>
				<string>81965BA715BBEDC90017869E</string>
			</array>
			<key>defaultConfigurationIsVisible</key>
			<string>0</string>
			<key>defaultConfigurationName</key>
			<string>Release</string>
			<key>isa</key>
			<string>XCConfigurationList</string>
		</dict>
		<key>81965BA615BBEDC90017869E</key>
		<dict>
			<key>baseConfigurationReference</key>
			<string>05C60957BDC4437EAB4BA1BE</string>
			<key>buildSettings</key>
			<dict>
				<key>GCC_PRECOMPILE_PREFIX_HEADER</key>
				<string>YES</string>
				<key>GCC_PREFIX_HEADER</key>
				<string>CoreDataTry/CoreDataTry-Prefix.pch</string>
				<key>INFOPLIST_FILE</key>
				<string>CoreDataTry/CoreDataTry-Info.plist</string>
				<key>PRODUCT_NAME</key>
				<string>$(TARGET_NAME)</string>
				<key>WRAPPER_EXTENSION</key>
				<string>app</string>
			</dict>
			<key>isa</key>
			<string>XCBuildConfiguration</string>
			<key>name</key>
			<string>Debug</string>
		</dict>
		<key>81965BA715BBEDC90017869E</key>
		<dict>
			<key>baseConfigurationReference</key>
			<string>05C60957BDC4437EAB4BA1BE</string>
			<key>buildSettings</key>
			<dict>
				<key>GCC_PRECOMPILE_PREFIX_HEADER</key>
				<string>YES</string>
				<key>GCC_PREFIX_HEADER</key>
				<string>CoreDataTry/CoreDataTry-Prefix.pch</string>
				<key>INFOPLIST_FILE</key>
				<string>CoreDataTry/CoreDataTry-Info.plist</string>
				<key>PRODUCT_NAME</key>
				<string>$(TARGET_NAME)</string>
				<key>WRAPPER_EXTENSION</key>
				<string>app</string>
			</dict>
			<key>isa</key>
			<string>XCBuildConfiguration</string>
			<key>name</key>
			<string>Release</string>
		</dict>
		<key>81965BA815BBEDC90017869E</key>
		<dict>
			<key>buildConfigurations</key>
			<array>
				<string>81965BA915BBEDC90017869E</string>
				<string>81965BAA15BBEDC90017869E</string>
			</array>
			<key>defaultConfigurationIsVisible</key>
			<string>0</string>
			<key>defaultConfigurationName</key>
			<string>Release</string>
			<key>isa</key>
			<string>XCConfigurationList</string>
		</dict>
		<key>81965BA915BBEDC90017869E</key>
		<dict>
			<key>buildSettings</key>
			<dict>
				<key>BUNDLE_LOADER</key>
				<string>$(BUILT_PRODUCTS_DIR)/CoreDataTry.app/CoreDataTry</string>
				<key>FRAMEWORK_SEARCH_PATHS</key>
				<array>
					<string>$(SDKROOT)/Developer/Library/Frameworks</string>
					<string>$(DEVELOPER_LIBRARY_DIR)/Frameworks</string>
				</array>
				<key>GCC_PRECOMPILE_PREFIX_HEADER</key>
				<string>YES</string>
				<key>GCC_PREFIX_HEADER</key>
				<string>CoreDataTry/CoreDataTry-Prefix.pch</string>
				<key>INFOPLIST_FILE</key>
				<string>CoreDataTryTests/CoreDataTryTests-Info.plist</string>
				<key>PRODUCT_NAME</key>
				<string>$(TARGET_NAME)</string>
				<key>TEST_HOST</key>
				<string>$(BUNDLE_LOADER)</string>
				<key>WRAPPER_EXTENSION</key>
				<string>octest</string>
			</dict>
			<key>isa</key>
			<string>XCBuildConfiguration</string>
			<key>name</key>
			<string>Debug</string>
		</dict>
		<key>81965BAA15BBEDC90017869E</key>
		<dict>
			<key>buildSettings</key>
			<dict>
				<key>BUNDLE_LOADER</key>
				<string>$(BUILT_PRODUCTS_DIR)/CoreDataTry.app/CoreDataTry</string>
				<key>FRAMEWORK_SEARCH_PATHS</key>
				<array>
					<string>$(SDKROOT)/Developer/Library/Frameworks</string>
					<string>$(DEVELOPER_LIBRARY_DIR)/Frameworks</string>
				</array>
				<key>GCC_PRECOMPILE_PREFIX_HEADER</key>
				<string>YES</string>
				<key>GCC_PREFIX_HEADER</key>
				<string>CoreDataTry/CoreDataTry-Prefix.pch</string>
				<key>INFOPLIST_FILE</key>
				<string>CoreDataTryTests/CoreDataTryTests-Info.plist</string>
				<key>PRODUCT_NAME</key>
				<string>$(TARGET_NAME)</string>
				<key>TEST_HOST</key>
				<string>$(BUNDLE_LOADER)</string>
				<key>WRAPPER_EXTENSION</key>
				<string>octest</string>
			</dict>
			<key>isa</key>
			<string>XCBuildConfiguration</string>
			<key>name</key>
			<string>Release</string>
		</dict>
		<key>81965BAB15BBEDFD0017869E</key>
		<dict>
			<key>includeInIndex</key>
			<string>1</string>
			<key>isa</key>
			<string>PBXFileReference</string>
			<key>lastKnownFileType</key>
			<string>wrapper.framework</string>
			<key>name</key>
			<string>CoreData.framework</string>
			<key>path</key>
			<string>System/Library/Frameworks/CoreData.framework</string>
			<key>sourceTree</key>
			<string>SDKROOT</string>
		</dict>
		<key>81965BAC15BBEDFD0017869E</key>
		<dict>
			<key>fileRef</key>
			<string>81965BAB15BBEDFD0017869E</string>
			<key>isa</key>
			<string>PBXBuildFile</string>
		</dict>
		<key>81965BAD15BBEE0C0017869E</key>
		<dict>
			<key>children</key>
			<array>
				<string>81965BAE15BBEE0C0017869E</string>
			</array>
			<key>currentVersion</key>
			<string>81965BAE15BBEE0C0017869E</string>
			<key>isa</key>
			<string>XCVersionGroup</string>
			<key>path</key>
			<string>Model.xcdatamodeld</string>
			<key>sourceTree</key>
			<string>&lt;group&gt;</string>
			<key>versionGroupType</key>
			<string>wrapper.xcdatamodel</string>
		</dict>
		<key>81965BAE15BBEE0C0017869E</key>
		<dict>
			<key>isa</key>
			<string>PBXFileReference</string>
			<key>lastKnownFileType</key>
			<string>wrapper.xcdatamodel</string>
			<key>path</key>
			<string>Model.xcdatamodel</string>
			<key>sourceTree</key>
			<string>&lt;group&gt;</string>
		</dict>
		<key>81965BAF15BBEE0C0017869E</key>
		<dict>
			<key>fileRef</key>
			<string>81965BAD15BBEE0C0017869E</string>
			<key>isa</key>
			<string>PBXBuildFile</string>
		</dict>
		<key>81965BB015BBEFA00017869E</key>
		<dict>
			<key>fileEncoding</key>
			<string>4</string>
			<key>isa</key>
			<string>PBXFileReference</string>
			<key>lastKnownFileType</key>
			<string>sourcecode.c.h</string>
			<key>path</key>
			<string>CoreDataLayer.h</string>
			<key>sourceTree</key>
			<string>&lt;group&gt;</string>
		</dict>
		<key>81965BB115BBEFA00017869E</key>
		<dict>
			<key>fileEncoding</key>
			<string>4</string>
			<key>isa</key>
			<string>PBXFileReference</string>
			<key>lastKnownFileType</key>
			<string>sourcecode.c.objc</string>
			<key>path</key>
			<string>CoreDataLayer.m</string>
			<key>sourceTree</key>
			<string>&lt;group&gt;</string>
		</dict>
		<key>81965BB215BBEFA00017869E</key>
		<dict>
			<key>fileRef</key>
			<string>81965BB115BBEFA00017869E</string>
			<key>isa</key>
			<string>PBXBuildFile</string>
		</dict>
		<key>81B69E5715BC03B500BC0EEF</key>
		<dict>
			<key>fileEncoding</key>
			<string>4</string>
			<key>isa</key>
			<string>PBXFileReference</string>
			<key>lastKnownFileType</key>
			<string>sourcecode.c.h</string>
			<key>path</key>
			<string>BooksController.h</string>
			<key>sourceTree</key>
			<string>&lt;group&gt;</string>
		</dict>
		<key>81B69E5815BC03B500BC0EEF</key>
		<dict>
			<key>fileEncoding</key>
			<string>4</string>
			<key>isa</key>
			<string>PBXFileReference</string>
			<key>lastKnownFileType</key>
			<string>sourcecode.c.objc</string>
			<key>path</key>
			<string>BooksController.m</string>
			<key>sourceTree</key>
			<string>&lt;group&gt;</string>
		</dict>
		<key>81B69E5915BC03B500BC0EEF</key>
		<dict>
			<key>fileRef</key>
			<string>81B69E5815BC03B500BC0EEF</string>
			<key>isa</key>
			<string>PBXBuildFile</string>
		</dict>
		<key>81B69E5A15BC04FF00BC0EEF</key>
		<dict>
			<key>fileEncoding</key>
			<string>4</string>
			<key>isa</key>
			<string>PBXFileReference</string>
			<key>lastKnownFileType</key>
			<string>sourcecode.c.h</string>
			<key>path</key>
			<string>TagsController.h</string>
			<key>sourceTree</key>
			<string>&lt;group&gt;</string>
		</dict>
		<key>81B69E5B15BC04FF00BC0EEF</key>
		<dict>
			<key>fileEncoding</key>
			<string>4</string>
			<key>isa</key>
			<string>PBXFileReference</string>
			<key>lastKnownFileType</key>
			<string>sourcecode.c.objc</string>
			<key>path</key>
			<string>TagsController.m</string>
			<key>sourceTree</key>
			<string>&lt;group&gt;</string>
		</dict>
		<key>81B69E5C15BC04FF00BC0EEF</key>
		<dict>
			<key>fileRef</key>
			<string>81B69E5B15BC04FF00BC0EEF</string>
			<key>isa</key>
			<string>PBXBuildFile</string>
		</dict>
		<key>81B69E5D15BC09C700BC0EEF</key>
		<dict>
			<key>fileEncoding</key>
			<string>4</string>
			<key>isa</key>
			<string>PBXFileReference</string>
			<key>lastKnownFileType</key>
			<string>sourcecode.c.h</string>
			<key>path</key>
			<string>AuthorsViewController.h</string>
			<key>sourceTree</key>
			<string>&lt;group&gt;</string>
		</dict>
		<key>81B69E5E15BC09C700BC0EEF</key>
		<dict>
			<key>fileEncoding</key>
			<string>4</string>
			<key>isa</key>
			<string>PBXFileReference</string>
			<key>lastKnownFileType</key>
			<string>sourcecode.c.objc</string>
			<key>path</key>
			<string>AuthorsViewController.m</string>
			<key>sourceTree</key>
			<string>&lt;group&gt;</string>
		</dict>
		<key>81B69E5F15BC09C700BC0EEF</key>
		<dict>
			<key>fileRef</key>
			<string>81B69E5E15BC09C700BC0EEF</string>
			<key>isa</key>
			<string>PBXBuildFile</string>
		</dict>
		<key>81B69E6015BC164800BC0EEF</key>
		<dict>
			<key>fileEncoding</key>
			<string>4</string>
			<key>isa</key>
			<string>PBXFileReference</string>
			<key>lastKnownFileType</key>
			<string>sourcecode.c.h</string>
			<key>path</key>
			<string>Book.h</string>
			<key>sourceTree</key>
			<string>&lt;group&gt;</string>
		</dict>
		<key>81B69E6115BC164800BC0EEF</key>
		<dict>
			<key>fileEncoding</key>
			<string>4</string>
			<key>isa</key>
			<string>PBXFileReference</string>
			<key>lastKnownFileType</key>
			<string>sourcecode.c.objc</string>
			<key>path</key>
			<string>Book.m</string>
			<key>sourceTree</key>
			<string>&lt;group&gt;</string>
		</dict>
		<key>81B69E6215BC164800BC0EEF</key>
		<dict>
			<key>fileRef</key>
			<string>81B69E6115BC164800BC0EEF</string>
			<key>isa</key>
			<string>PBXBuildFile</string>
		</dict>
		<key>81B69E6315BC164800BC0EEF</key>
		<dict>
			<key>fileEncoding</key>
			<string>4</string>
			<key>isa</key>
			<string>PBXFileReference</string>
			<key>lastKnownFileType</key>
			<string>sourcecode.c.h</string>
			<key>path</key>
			<string>Author.h</string>
			<key>sourceTree</key>
			<string>&lt;group&gt;</string>
		</dict>
		<key>81B69E6415BC164800BC0EEF</key>
		<dict>
			<key>fileEncoding</key>
			<string>4</string>
			<key>isa</key>
			<string>PBXFileReference</string>
			<key>lastKnownFileType</key>
			<string>sourcecode.c.objc</string>
			<key>path</key>
			<string>Author.m</string>
			<key>sourceTree</key>
			<string>&lt;group&gt;</string>
		</dict>
		<key>81B69E6515BC164800BC0EEF</key>
		<dict>
			<key>fileRef</key>
			<string>81B69E6415BC164800BC0EEF</string>
			<key>isa</key>
			<string>PBXBuildFile</string>
		</dict>
		<key>81B69E6615BC164800BC0EEF</key>
		<dict>
			<key>fileEncoding</key>
			<string>4</string>
			<key>isa</key>
			<string>PBXFileReference</string>
			<key>lastKnownFileType</key>
			<string>sourcecode.c.h</string>
			<key>path</key>
			<string>BookTag.h</string>
			<key>sourceTree</key>
			<string>&lt;group&gt;</string>
		</dict>
		<key>81B69E6715BC164800BC0EEF</key>
		<dict>
			<key>fileEncoding</key>
			<string>4</string>
			<key>isa</key>
			<string>PBXFileReference</string>
			<key>lastKnownFileType</key>
			<string>sourcecode.c.objc</string>
			<key>path</key>
			<string>BookTag.m</string>
			<key>sourceTree</key>
			<string>&lt;group&gt;</string>
		</dict>
		<key>81B69E6815BC164800BC0EEF</key>
		<dict>
			<key>fileRef</key>
			<string>81B69E6715BC164800BC0EEF</string>
			<key>isa</key>
			<string>PBXBuildFile</string>
		</dict>
		<key>81B69E7415BC311100BC0EEF</key>
		<dict>
			<key>fileEncoding</key>
			<string>4</string>
			<key>isa</key>
			<string>PBXFileReference</string>
			<key>lastKnownFileType</key>
			<string>sourcecode.c.h</string>
			<key>path</key>
			<string>DetailedDataViewController.h</string>
			<key>sourceTree</key>
			<string>&lt;group&gt;</string>
		</dict>
		<key>81B69E7515BC311100BC0EEF</key>
		<dict>
			<key>fileEncoding</key>
			<string>4</string>
			<key>isa</key>
			<string>PBXFileReference</string>
			<key>lastKnownFileType</key>
			<string>sourcecode.c.objc</string>
			<key>path</key>
			<string>DetailedDataViewController.m</string>
			<key>sourceTree</key>
			<string>&lt;group&gt;</string>
		</dict>
		<key>81B69E7615BC311100BC0EEF</key>
		<dict>
			<key>fileRef</key>
			<string>81B69E7515BC311100BC0EEF</string>
			<key>isa</key>
			<string>PBXBuildFile</string>
		</dict>
		<key>D07714B8C104427F96EB4332</key>
		<dict>
			<key>buildActionMask</key>
			<string>2147483647</string>
			<key>files</key>
			<array/>
			<key>inputPaths</key>
			<array/>
			<key>isa</key>
			<string>PBXShellScriptBuildPhase</string>
			<key>name</key>
			<string>Copy Pods Resources</string>
			<key>outputPaths</key>
			<array/>
			<key>runOnlyForDeploymentPostprocessing</key>
			<string>0</string>
			<key>shellPath</key>
			<string>/bin/sh</string>
			<key>shellScript</key>
			<string>"${SRCROOT}/Pods/Pods-resources.sh"
</string>
		</dict>
		<key>DDBF3DA0AC7B47AC8292FBDD</key>
		<dict>
			<key>fileRef</key>
			<string>460CB9D31E4649038C2CACA8</string>
			<key>isa</key>
			<string>PBXBuildFile</string>
		</dict>
	</dict>
	<key>rootObject</key>
	<string>81965B6915BBEDC90017869E</string>
</dict>
</plist>
